
Microsoft Visual Studio Solution File, Format Version 12.00
Project("{FAE04EC0-301F-11D3-BF4B-00C04F79EFBC}") = "Cookbr.Getsum.ConsoleApp", "Cookbr.Getsum.ConsoleApp\Cookbr.Getsum.ConsoleApp.csproj", "{0E6784DF-8C30-4840-B425-9D97EA0550A0}"
EndProject
Global
	GlobalSection(SolutionConfigurationPlatforms) = preSolution
		Debug|Any CPU = Debug|Any CPU
		Release|Any CPU = Release|Any CPU
	EndGlobalSection
	GlobalSection(ProjectConfigurationPlatforms) = postSolution
		{0E6784DF-8C30-4840-B425-9D97EA0550A0}.Debug|Any CPU.ActiveCfg = Debug|Any CPU
		{0E6784DF-8C30-4840-B425-9D97EA0550A0}.Debug|Any CPU.Build.0 = Debug|Any CPU
		{0E6784DF-8C30-4840-B425-9D97EA0550A0}.Release|Any CPU.ActiveCfg = Release|Any CPU
		{0E6784DF-8C30-4840-B425-9D97EA0550A0}.Release|Any CPU.Build.0 = Release|Any CPU
	EndGlobalSection
EndGlobal
